
Microsoft Visual Studio Solution File, Format Version 12.00
# Visual Studio 15
VisualStudioVersion = 15.0.28010.2036
MinimumVisualStudioVersion = 10.0.40219.1
Project("{FAE04EC0-301F-11D3-BF4B-00C04F79EFBC}") = "CurrencyRateProvider.DbFiller", "CurrencyRateProvider.DbFiller\CurrencyRateProvider.DbFiller.csproj", "{3A834244-2362-4C21-AA82-5B516AB1EC9B}"
EndProject
Project("{FAE04EC0-301F-11D3-BF4B-00C04F79EFBC}") = "CurrencyRateProvider.Common", "CurrencyRateProvider.Common\CurrencyRateProvider.Common.csproj", "{45110529-4B0E-4D6D-B320-6EC5AA6D41C4}"
EndProject
Global
	GlobalSection(SolutionConfigurationPlatforms) = preSolution
		Debug|Any CPU = Debug|Any CPU
		Release|Any CPU = Release|Any CPU
	EndGlobalSection
	GlobalSection(ProjectConfigurationPlatforms) = postSolution
		{3A834244-2362-4C21-AA82-5B516AB1EC9B}.Debug|Any CPU.ActiveCfg = Debug|Any CPU
		{3A834244-2362-4C21-AA82-5B516AB1EC9B}.Debug|Any CPU.Build.0 = Debug|Any CPU
		{3A834244-2362-4C21-AA82-5B516AB1EC9B}.Release|Any CPU.ActiveCfg = Release|Any CPU
		{3A834244-2362-4C21-AA82-5B516AB1EC9B}.Release|Any CPU.Build.0 = Release|Any CPU
		{45110529-4B0E-4D6D-B320-6EC5AA6D41C4}.Debug|Any CPU.ActiveCfg = Debug|Any CPU
		{45110529-4B0E-4D6D-B320-6EC5AA6D41C4}.Debug|Any CPU.Build.0 = Debug|Any CPU
		{45110529-4B0E-4D6D-B320-6EC5AA6D41C4}.Release|Any CPU.ActiveCfg = Release|Any CPU
		{45110529-4B0E-4D6D-B320-6EC5AA6D41C4}.Release|Any CPU.Build.0 = Release|Any CPU
	EndGlobalSection
	GlobalSection(SolutionProperties) = preSolution
		HideSolutionNode = FALSE
	EndGlobalSection
	GlobalSection(ExtensibilityGlobals) = postSolution
		SolutionGuid = {459D24AD-7311-48CB-8575-DB3BDC87EABE}
	EndGlobalSection
EndGlobal
